# Generated by pub
# See http://pub.dartlang.org/doc/glossary.html#lockfile
packages:
  ace:
    description: ace
    source: hosted
    version: "0.6.1+3.3.15"
  analyzer:
    description: analyzer
    source: hosted
    version: "0.25.0+1"
  args:
    description: args
    source: hosted
    version: "0.13.0"
  barback:
    description: barback
    source: hosted
    version: "0.15.2+4"
  bootjack:
    description: bootjack
    source: hosted
    version: "0.6.5+2"
  browser:
    description: browser
    source: hosted
    version: "0.10.0+2"
  cli_util:
    description: cli_util
    source: hosted
    version: "0.0.1+1"
  code_transformers:
    description: code_transformers
    source: hosted
    version: "0.2.9"
  collection:
    description: collection
    source: hosted
    version: "1.1.0"
  csslib:
    description: csslib
    source: hosted
    version: "0.12.0"
  dnd:
    description: dnd
    source: hosted
    version: "0.3.0"
  dquery:
    description: dquery
    source: hosted
    version: "0.7.1"
  html:
    description: html
    source: hosted
    version: "0.12.1+1"
  html5lib:
    description: html5lib
    source: hosted
    version: "0.12.1"
  http_server:
    description: http_server
    source: hosted
    version: "0.9.5+1"
  intl:
    description: intl
    source: hosted
    version: "0.8.10+4"
  logging:
    description: logging
    source: hosted
    version: "0.9.3"
  logging_handlers:
    description: logging_handlers
    source: hosted
    version: "0.8.0"
  matcher:
    description: matcher
    source: hosted
    version: "0.11.4+4"
  meta:
    description: meta
    source: hosted
    version: "0.8.8"
  mime:
    description: mime
    source: hosted
    version: "0.9.3"
  path:
    description: path
    source: hosted
    version: "1.3.5"
  petitparser:
    description: petitparser
    source: hosted
    version: "1.3.7"
  pool:
    description: pool
    source: hosted
    version: "1.0.1"
  quiver:
    description: quiver
    source: hosted
    version: "0.21.3"
  script_inliner:
    description: script_inliner
    source: hosted
    version: "1.0.0"
  source_maps:
    description: source_maps
    source: hosted
    version: "0.10.1"
  source_span:
    description: source_span
    source: hosted
    version: "1.1.2"
  stack_trace:
    description: stack_trace
    source: hosted
    version: "1.3.2"
  terminal:
    description:
      path: "/home/crunchex/work/terminal/"
      relative: false
    source: path
    version: "0.1.2"
  tokenizr:
    description: tokenizr
    source: hosted
    version: "0.0.1+1"
  utf:
    description: utf
    source: hosted
    version: "0.9.0+2"
  watcher:
    description: watcher
    source: hosted
    version: "0.9.5"
  when:
    description: when
    source: hosted
    version: "0.2.0"
  which:
    description: which
    source: hosted
    version: "0.1.3"
  xml:
    description: xml
    source: hosted
    version: "2.2.3"
